{
  "name": "functions",
  "version": "1.0.0",
  "lockfileVersion": 1,
  "requires": true,
  "dependencies": {
    "@aws-cdk/assets": {
      "version": "1.35.0",
      "resolved": "https://registry.npmjs.org/@aws-cdk/assets/-/assets-1.35.0.tgz",
      "integrity": "sha512-5sLlEpF0vpJLi5Kz8agOUhjd9E9Jkq6X0t2Mr1msyHAz6B6Qz3neG6+ccVbtf8CsYkjdXQkzmbFYNwBhWkh+CA==",
      "requires": {
        "@aws-cdk/core": "1.35.0",
        "@aws-cdk/cx-api": "1.35.0",
        "constructs": "^3.0.2",
        "minimatch": "^3.0.4"
      },
      "dependencies": {
        "@aws-cdk/core": {
          "version": "1.35.0",
          "resolved": "https://registry.npmjs.org/@aws-cdk/core/-/core-1.35.0.tgz",
          "integrity": "sha512-Ht9S/DjCMLhdV9T/U/+h644NLtmtkKNJVKqg2GpqpydgSJtSAWn066pPq5LpDn2qEsGTcyXm7OD80hP29frOhA==",
          "requires": {
            "@aws-cdk/cloud-assembly-schema": "1.35.0",
            "@aws-cdk/cx-api": "1.35.0",
            "constructs": "^3.0.2"
          }
        },
        "balanced-match": {
          "version": "1.0.0",
          "bundled": true
        },
        "brace-expansion": {
          "version": "1.1.11",
          "bundled": true,
          "requires": {
            "balanced-match": "^1.0.0",
            "concat-map": "0.0.1"
          }
        },
        "concat-map": {
          "version": "0.0.1",
          "bundled": true
        },
        "minimatch": {
          "version": "3.0.4",
          "bundled": true,
          "requires": {
            "brace-expansion": "^1.1.7"
          }
        }
      }
    },
    "@aws-cdk/aws-apigateway": {
      "version": "1.35.0",
      "resolved": "https://registry.npmjs.org/@aws-cdk/aws-apigateway/-/aws-apigateway-1.35.0.tgz",
      "integrity": "sha512-mP63OhPdENR6BJsEniT8dcrsQYWSVII3ckxoYehr22wRA7DVfw5kS0ADLR+vsaqC5F5JBfBp1wYmoIkLZVA0ww==",
      "requires": {
        "@aws-cdk/aws-certificatemanager": "1.35.0",
        "@aws-cdk/aws-ec2": "1.35.0",
        "@aws-cdk/aws-elasticloadbalancingv2": "1.35.0",
        "@aws-cdk/aws-iam": "1.35.0",
        "@aws-cdk/aws-lambda": "1.35.0",
        "@aws-cdk/aws-logs": "1.35.0",
        "@aws-cdk/core": "1.35.0",
        "constructs": "^3.0.2"
      },
      "dependencies": {
        "@aws-cdk/core": {
          "version": "1.35.0",
          "resolved": "https://registry.npmjs.org/@aws-cdk/core/-/core-1.35.0.tgz",
          "integrity": "sha512-Ht9S/DjCMLhdV9T/U/+h644NLtmtkKNJVKqg2GpqpydgSJtSAWn066pPq5LpDn2qEsGTcyXm7OD80hP29frOhA==",
          "requires": {
            "@aws-cdk/cloud-assembly-schema": "1.35.0",
            "@aws-cdk/cx-api": "1.35.0",
            "constructs": "^3.0.2"
          }
        }
      }
    },
    "@aws-cdk/aws-applicationautoscaling": {
      "version": "1.35.0",
      "resolved": "https://registry.npmjs.org/@aws-cdk/aws-applicationautoscaling/-/aws-applicationautoscaling-1.35.0.tgz",
      "integrity": "sha512-qnIDh5ZWfVWWZnvamA2uZBnTini6Zqjj0EITD82sXjDMgr/bpT+MPSqNKQ/JVCR5NXoC/YHTzDYaqANoAAbNTA==",
      "requires": {
        "@aws-cdk/aws-autoscaling-common": "1.35.0",
        "@aws-cdk/aws-cloudwatch": "1.35.0",
        "@aws-cdk/aws-iam": "1.35.0",
        "@aws-cdk/core": "1.35.0",
        "constructs": "^3.0.2"
      },
      "dependencies": {
        "@aws-cdk/core": {
          "version": "1.35.0",
          "resolved": "https://registry.npmjs.org/@aws-cdk/core/-/core-1.35.0.tgz",
          "integrity": "sha512-Ht9S/DjCMLhdV9T/U/+h644NLtmtkKNJVKqg2GpqpydgSJtSAWn066pPq5LpDn2qEsGTcyXm7OD80hP29frOhA==",
          "requires": {
            "@aws-cdk/cloud-assembly-schema": "1.35.0",
            "@aws-cdk/cx-api": "1.35.0",
            "constructs": "^3.0.2"
          }
        }
      }
    },
    "@aws-cdk/aws-autoscaling-common": {
      "version": "1.35.0",
      "resolved": "https://registry.npmjs.org/@aws-cdk/aws-autoscaling-common/-/aws-autoscaling-common-1.35.0.tgz",
      "integrity": "sha512-h+0HqcSI1QqnXwStJlh0h4o+JVfNXjI/1BfmB0skuf9yqw5g7MfMJOuDzTqFW4tfFFNJJ4TGDqVz+t5M1U9C9Q==",
      "requires": {
        "@aws-cdk/aws-iam": "1.35.0",
        "@aws-cdk/core": "1.35.0",
        "constructs": "^3.0.2"
      },
      "dependencies": {
        "@aws-cdk/core": {
          "version": "1.35.0",
          "resolved": "https://registry.npmjs.org/@aws-cdk/core/-/core-1.35.0.tgz",
          "integrity": "sha512-Ht9S/DjCMLhdV9T/U/+h644NLtmtkKNJVKqg2GpqpydgSJtSAWn066pPq5LpDn2qEsGTcyXm7OD80hP29frOhA==",
          "requires": {
            "@aws-cdk/cloud-assembly-schema": "1.35.0",
            "@aws-cdk/cx-api": "1.35.0",
            "constructs": "^3.0.2"
          }
        }
      }
    },
    "@aws-cdk/aws-certificatemanager": {
      "version": "1.35.0",
      "resolved": "https://registry.npmjs.org/@aws-cdk/aws-certificatemanager/-/aws-certificatemanager-1.35.0.tgz",
      "integrity": "sha512-FFXbIo8dUCNV/3d+iBwy19OWDTbGHk5bk6+AjClt53vl2D4mf3UhV2kcANrpYLwoSjw6e/P1TqQ9N7y32k9zHw==",
      "requires": {
        "@aws-cdk/aws-cloudformation": "1.35.0",
        "@aws-cdk/aws-iam": "1.35.0",
        "@aws-cdk/aws-lambda": "1.35.0",
        "@aws-cdk/aws-route53": "1.35.0",
        "@aws-cdk/core": "1.35.0",
        "constructs": "^3.0.2"
      },
      "dependencies": {
        "@aws-cdk/core": {
          "version": "1.35.0",
          "resolved": "https://registry.npmjs.org/@aws-cdk/core/-/core-1.35.0.tgz",
          "integrity": "sha512-Ht9S/DjCMLhdV9T/U/+h644NLtmtkKNJVKqg2GpqpydgSJtSAWn066pPq5LpDn2qEsGTcyXm7OD80hP29frOhA==",
          "requires": {
            "@aws-cdk/cloud-assembly-schema": "1.35.0",
            "@aws-cdk/cx-api": "1.35.0",
            "constructs": "^3.0.2"
          }
        }
      }
    },
    "@aws-cdk/aws-cloudformation": {
      "version": "1.35.0",
      "resolved": "https://registry.npmjs.org/@aws-cdk/aws-cloudformation/-/aws-cloudformation-1.35.0.tgz",
      "integrity": "sha512-0ud31OEcpfII7Qe+jLH3IgZxWLun7MaDzJK1Aa9osXHoniVPBoCk1U4+YqNEJ5TXNApyVgWEsw3ItrDy3pfORQ==",
      "requires": {
        "@aws-cdk/aws-iam": "1.35.0",
        "@aws-cdk/aws-lambda": "1.35.0",
        "@aws-cdk/aws-s3": "1.35.0",
        "@aws-cdk/aws-sns": "1.35.0",
        "@aws-cdk/core": "1.35.0",
        "@aws-cdk/cx-api": "1.35.0",
        "constructs": "^3.0.2"
      },
      "dependencies": {
        "@aws-cdk/core": {
          "version": "1.35.0",
          "resolved": "https://registry.npmjs.org/@aws-cdk/core/-/core-1.35.0.tgz",
          "integrity": "sha512-Ht9S/DjCMLhdV9T/U/+h644NLtmtkKNJVKqg2GpqpydgSJtSAWn066pPq5LpDn2qEsGTcyXm7OD80hP29frOhA==",
          "requires": {
            "@aws-cdk/cloud-assembly-schema": "1.35.0",
            "@aws-cdk/cx-api": "1.35.0",
            "constructs": "^3.0.2"
          }
        }
      }
    },
    "@aws-cdk/aws-cloudwatch": {
      "version": "1.35.0",
      "resolved": "https://registry.npmjs.org/@aws-cdk/aws-cloudwatch/-/aws-cloudwatch-1.35.0.tgz",
      "integrity": "sha512-0/RHxk2AtINY5NJCb6N2gQoBbpJBVXS5RElIB4mb9vnaFcmJ00UYaXsgGjXdCBagmsY9mfn+LM6qUSKefzVwzw==",
      "requires": {
        "@aws-cdk/aws-iam": "1.35.0",
        "@aws-cdk/core": "1.35.0",
        "constructs": "^3.0.2"
      },
      "dependencies": {
        "@aws-cdk/core": {
          "version": "1.35.0",
          "resolved": "https://registry.npmjs.org/@aws-cdk/core/-/core-1.35.0.tgz",
          "integrity": "sha512-Ht9S/DjCMLhdV9T/U/+h644NLtmtkKNJVKqg2GpqpydgSJtSAWn066pPq5LpDn2qEsGTcyXm7OD80hP29frOhA==",
          "requires": {
            "@aws-cdk/cloud-assembly-schema": "1.35.0",
            "@aws-cdk/cx-api": "1.35.0",
            "constructs": "^3.0.2"
          }
        }
      }
    },
    "@aws-cdk/aws-dynamodb": {
      "version": "1.35.0",
      "resolved": "https://registry.npmjs.org/@aws-cdk/aws-dynamodb/-/aws-dynamodb-1.35.0.tgz",
      "integrity": "sha512-a5FZ4/qa5ZSJgdYctAPjXRQVAwniLUQ772hpgd5yl8gsD6bhejOGSyLZMgoLpI4IeaBoiz+k+s+GuNd8HuU6UQ==",
      "requires": {
        "@aws-cdk/aws-applicationautoscaling": "1.35.0",
        "@aws-cdk/aws-cloudformation": "1.35.0",
        "@aws-cdk/aws-cloudwatch": "1.35.0",
        "@aws-cdk/aws-iam": "1.35.0",
        "@aws-cdk/aws-lambda": "1.35.0",
        "@aws-cdk/core": "1.35.0",
        "@aws-cdk/custom-resources": "1.35.0",
        "constructs": "^3.0.2"
      },
      "dependencies": {
        "@aws-cdk/core": {
          "version": "1.35.0",
          "resolved": "https://registry.npmjs.org/@aws-cdk/core/-/core-1.35.0.tgz",
          "integrity": "sha512-Ht9S/DjCMLhdV9T/U/+h644NLtmtkKNJVKqg2GpqpydgSJtSAWn066pPq5LpDn2qEsGTcyXm7OD80hP29frOhA==",
          "requires": {
            "@aws-cdk/cloud-assembly-schema": "1.35.0",
            "@aws-cdk/cx-api": "1.35.0",
            "constructs": "^3.0.2"
          }
        }
      }
    },
    "@aws-cdk/aws-ec2": {
      "version": "1.35.0",
      "resolved": "https://registry.npmjs.org/@aws-cdk/aws-ec2/-/aws-ec2-1.35.0.tgz",
      "integrity": "sha512-m0qEuBxqiOZVXXuNjEg5I7auYoXlscYeLW7QSK+jmKkQmKKTeKbp9mHzNoyFLw51aaEx6/TUKg+Ux8Nc2VzdHw==",
      "requires": {
        "@aws-cdk/aws-cloudwatch": "1.35.0",
        "@aws-cdk/aws-iam": "1.35.0",
        "@aws-cdk/aws-logs": "1.35.0",
        "@aws-cdk/aws-s3": "1.35.0",
        "@aws-cdk/aws-ssm": "1.35.0",
        "@aws-cdk/core": "1.35.0",
        "@aws-cdk/cx-api": "1.35.0",
        "@aws-cdk/region-info": "1.35.0",
        "constructs": "^3.0.2"
      },
      "dependencies": {
        "@aws-cdk/core": {
          "version": "1.35.0",
          "resolved": "https://registry.npmjs.org/@aws-cdk/core/-/core-1.35.0.tgz",
          "integrity": "sha512-Ht9S/DjCMLhdV9T/U/+h644NLtmtkKNJVKqg2GpqpydgSJtSAWn066pPq5LpDn2qEsGTcyXm7OD80hP29frOhA==",
          "requires": {
            "@aws-cdk/cloud-assembly-schema": "1.35.0",
            "@aws-cdk/cx-api": "1.35.0",
            "constructs": "^3.0.2"
          }
        }
      }
    },
    "@aws-cdk/aws-elasticloadbalancingv2": {
      "version": "1.35.0",
      "resolved": "https://registry.npmjs.org/@aws-cdk/aws-elasticloadbalancingv2/-/aws-elasticloadbalancingv2-1.35.0.tgz",
      "integrity": "sha512-CXv3pkSkw6sgsRy7Uuwku8yqK/j2AfsY7uez1tf1Tf98aKz9GptnGjJ1dqv58oJhoC7eQo61AoH8dwc1sS5/HA==",
      "requires": {
        "@aws-cdk/aws-certificatemanager": "1.35.0",
        "@aws-cdk/aws-cloudwatch": "1.35.0",
        "@aws-cdk/aws-ec2": "1.35.0",
        "@aws-cdk/aws-iam": "1.35.0",
        "@aws-cdk/aws-lambda": "1.35.0",
        "@aws-cdk/aws-s3": "1.35.0",
        "@aws-cdk/core": "1.35.0",
        "constructs": "^3.0.2"
      },
      "dependencies": {
        "@aws-cdk/core": {
          "version": "1.35.0",
          "resolved": "https://registry.npmjs.org/@aws-cdk/core/-/core-1.35.0.tgz",
          "integrity": "sha512-Ht9S/DjCMLhdV9T/U/+h644NLtmtkKNJVKqg2GpqpydgSJtSAWn066pPq5LpDn2qEsGTcyXm7OD80hP29frOhA==",
          "requires": {
            "@aws-cdk/cloud-assembly-schema": "1.35.0",
            "@aws-cdk/cx-api": "1.35.0",
            "constructs": "^3.0.2"
          }
        }
      }
    },
    "@aws-cdk/aws-events": {
      "version": "1.35.0",
      "resolved": "https://registry.npmjs.org/@aws-cdk/aws-events/-/aws-events-1.35.0.tgz",
      "integrity": "sha512-J4sfP7CaZWAcUjn3jkXtD7Y7qk3tbi7+zNCuGblbR9TMZO9r2G9Q0DDkSjJ6whEZJsRmCy49ZoAHb0COg9cupQ==",
      "requires": {
        "@aws-cdk/aws-iam": "1.35.0",
        "@aws-cdk/core": "1.35.0",
        "constructs": "^3.0.2"
      },
      "dependencies": {
        "@aws-cdk/core": {
          "version": "1.35.0",
          "resolved": "https://registry.npmjs.org/@aws-cdk/core/-/core-1.35.0.tgz",
          "integrity": "sha512-Ht9S/DjCMLhdV9T/U/+h644NLtmtkKNJVKqg2GpqpydgSJtSAWn066pPq5LpDn2qEsGTcyXm7OD80hP29frOhA==",
          "requires": {
            "@aws-cdk/cloud-assembly-schema": "1.35.0",
            "@aws-cdk/cx-api": "1.35.0",
            "constructs": "^3.0.2"
          }
        }
      }
    },
    "@aws-cdk/aws-iam": {
      "version": "1.35.0",
      "resolved": "https://registry.npmjs.org/@aws-cdk/aws-iam/-/aws-iam-1.35.0.tgz",
      "integrity": "sha512-OfNWvHGVtN3tTXVTROU9NLivmbkNDgxnaexR4h4GqeRuCDc9kUvxhnZ7U7Gm5E5Jw4pxpcP5DS1K8NyQA2ZQBw==",
      "requires": {
        "@aws-cdk/core": "1.35.0",
        "@aws-cdk/region-info": "1.35.0",
        "constructs": "^3.0.2"
      },
      "dependencies": {
        "@aws-cdk/core": {
          "version": "1.35.0",
          "resolved": "https://registry.npmjs.org/@aws-cdk/core/-/core-1.35.0.tgz",
          "integrity": "sha512-Ht9S/DjCMLhdV9T/U/+h644NLtmtkKNJVKqg2GpqpydgSJtSAWn066pPq5LpDn2qEsGTcyXm7OD80hP29frOhA==",
          "requires": {
            "@aws-cdk/cloud-assembly-schema": "1.35.0",
            "@aws-cdk/cx-api": "1.35.0",
            "constructs": "^3.0.2"
          }
        }
      }
    },
    "@aws-cdk/aws-kms": {
      "version": "1.35.0",
      "resolved": "https://registry.npmjs.org/@aws-cdk/aws-kms/-/aws-kms-1.35.0.tgz",
      "integrity": "sha512-w67cd3vG/6vHz/v2/Ow+iAHjn5jm3yhrbYUMbVc7CfPU//g9N70fV6mohKT+zdyoCSgrZ0WXlHRd64jPe8sutg==",
      "requires": {
        "@aws-cdk/aws-iam": "1.35.0",
        "@aws-cdk/core": "1.35.0",
        "constructs": "^3.0.2"
      },
      "dependencies": {
        "@aws-cdk/core": {
          "version": "1.35.0",
          "resolved": "https://registry.npmjs.org/@aws-cdk/core/-/core-1.35.0.tgz",
          "integrity": "sha512-Ht9S/DjCMLhdV9T/U/+h644NLtmtkKNJVKqg2GpqpydgSJtSAWn066pPq5LpDn2qEsGTcyXm7OD80hP29frOhA==",
          "requires": {
            "@aws-cdk/cloud-assembly-schema": "1.35.0",
            "@aws-cdk/cx-api": "1.35.0",
            "constructs": "^3.0.2"
          }
        }
      }
    },
    "@aws-cdk/aws-lambda": {
      "version": "1.35.0",
      "resolved": "https://registry.npmjs.org/@aws-cdk/aws-lambda/-/aws-lambda-1.35.0.tgz",
      "integrity": "sha512-i/e0gd4oDs7enz4arqMTzrLsJkTJGffWTEOFFJhGmwVpbgjUqKq2P6Vf1l+PUwbWEvwLxVi+JIrI2QhDUST1GQ==",
      "requires": {
        "@aws-cdk/aws-cloudwatch": "1.35.0",
        "@aws-cdk/aws-ec2": "1.35.0",
        "@aws-cdk/aws-events": "1.35.0",
        "@aws-cdk/aws-iam": "1.35.0",
        "@aws-cdk/aws-logs": "1.35.0",
        "@aws-cdk/aws-s3": "1.35.0",
        "@aws-cdk/aws-s3-assets": "1.35.0",
        "@aws-cdk/aws-sqs": "1.35.0",
        "@aws-cdk/core": "1.35.0",
        "@aws-cdk/cx-api": "1.35.0",
        "constructs": "^3.0.2"
      },
      "dependencies": {
        "@aws-cdk/core": {
          "version": "1.35.0",
          "resolved": "https://registry.npmjs.org/@aws-cdk/core/-/core-1.35.0.tgz",
          "integrity": "sha512-Ht9S/DjCMLhdV9T/U/+h644NLtmtkKNJVKqg2GpqpydgSJtSAWn066pPq5LpDn2qEsGTcyXm7OD80hP29frOhA==",
          "requires": {
            "@aws-cdk/cloud-assembly-schema": "1.35.0",
            "@aws-cdk/cx-api": "1.35.0",
            "constructs": "^3.0.2"
          }
        }
      }
    },
    "@aws-cdk/aws-logs": {
      "version": "1.35.0",
      "resolved": "https://registry.npmjs.org/@aws-cdk/aws-logs/-/aws-logs-1.35.0.tgz",
      "integrity": "sha512-fZOCi2q0S/fyte1yX/rrzAhj77KsfO9DPoRx1Hi/iLgG1ExPAGx/uexp1b+4upMvrSTiEhLvm1jURL6aMdDW2Q==",
      "requires": {
        "@aws-cdk/aws-cloudwatch": "1.35.0",
        "@aws-cdk/aws-iam": "1.35.0",
        "@aws-cdk/core": "1.35.0",
        "constructs": "^3.0.2"
      },
      "dependencies": {
        "@aws-cdk/core": {
          "version": "1.35.0",
          "resolved": "https://registry.npmjs.org/@aws-cdk/core/-/core-1.35.0.tgz",
          "integrity": "sha512-Ht9S/DjCMLhdV9T/U/+h644NLtmtkKNJVKqg2GpqpydgSJtSAWn066pPq5LpDn2qEsGTcyXm7OD80hP29frOhA==",
          "requires": {
            "@aws-cdk/cloud-assembly-schema": "1.35.0",
            "@aws-cdk/cx-api": "1.35.0",
            "constructs": "^3.0.2"
          }
        }
      }
    },
    "@aws-cdk/aws-route53": {
      "version": "1.35.0",
      "resolved": "https://registry.npmjs.org/@aws-cdk/aws-route53/-/aws-route53-1.35.0.tgz",
      "integrity": "sha512-gpDEUoxFJG6v4ny6W5bKkmMxkXqQe9k4JIV4dIsLeifT8F52lGM5i/S6YjAXfzLhUg35f0E2haK0dXN2wkMTfA==",
      "requires": {
        "@aws-cdk/aws-ec2": "1.35.0",
        "@aws-cdk/aws-logs": "1.35.0",
        "@aws-cdk/core": "1.35.0",
        "@aws-cdk/cx-api": "1.35.0",
        "constructs": "^3.0.2"
      },
      "dependencies": {
        "@aws-cdk/core": {
          "version": "1.35.0",
          "resolved": "https://registry.npmjs.org/@aws-cdk/core/-/core-1.35.0.tgz",
          "integrity": "sha512-Ht9S/DjCMLhdV9T/U/+h644NLtmtkKNJVKqg2GpqpydgSJtSAWn066pPq5LpDn2qEsGTcyXm7OD80hP29frOhA==",
          "requires": {
            "@aws-cdk/cloud-assembly-schema": "1.35.0",
            "@aws-cdk/cx-api": "1.35.0",
            "constructs": "^3.0.2"
          }
        }
      }
    },
    "@aws-cdk/aws-s3": {
      "version": "1.35.0",
      "resolved": "https://registry.npmjs.org/@aws-cdk/aws-s3/-/aws-s3-1.35.0.tgz",
      "integrity": "sha512-GRiL1yjWi0tlhPERAFGaOuOtX5E/1HhC8Tpbxg/6idpZJMoA+zRSYs0+Nd0U09kO+LqAecS8GmOqCxN9BpupMw==",
      "requires": {
        "@aws-cdk/aws-events": "1.35.0",
        "@aws-cdk/aws-iam": "1.35.0",
        "@aws-cdk/aws-kms": "1.35.0",
        "@aws-cdk/core": "1.35.0",
        "constructs": "^3.0.2"
      },
      "dependencies": {
        "@aws-cdk/core": {
          "version": "1.35.0",
          "resolved": "https://registry.npmjs.org/@aws-cdk/core/-/core-1.35.0.tgz",
          "integrity": "sha512-Ht9S/DjCMLhdV9T/U/+h644NLtmtkKNJVKqg2GpqpydgSJtSAWn066pPq5LpDn2qEsGTcyXm7OD80hP29frOhA==",
          "requires": {
            "@aws-cdk/cloud-assembly-schema": "1.35.0",
            "@aws-cdk/cx-api": "1.35.0",
            "constructs": "^3.0.2"
          }
        }
      }
    },
    "@aws-cdk/aws-s3-assets": {
      "version": "1.35.0",
      "resolved": "https://registry.npmjs.org/@aws-cdk/aws-s3-assets/-/aws-s3-assets-1.35.0.tgz",
      "integrity": "sha512-a3EEzpzyWI1lXzn5+bhus/BBXCteZ7dgD9H9EjMK2WRPZ3WWIZ+7drORIs0rr/IXDPS2JhzSwQMzXe4PVdHCPA==",
      "requires": {
        "@aws-cdk/assets": "1.35.0",
        "@aws-cdk/aws-iam": "1.35.0",
        "@aws-cdk/aws-s3": "1.35.0",
        "@aws-cdk/core": "1.35.0",
        "@aws-cdk/cx-api": "1.35.0",
        "constructs": "^3.0.2"
      },
      "dependencies": {
        "@aws-cdk/core": {
          "version": "1.35.0",
          "resolved": "https://registry.npmjs.org/@aws-cdk/core/-/core-1.35.0.tgz",
          "integrity": "sha512-Ht9S/DjCMLhdV9T/U/+h644NLtmtkKNJVKqg2GpqpydgSJtSAWn066pPq5LpDn2qEsGTcyXm7OD80hP29frOhA==",
          "requires": {
            "@aws-cdk/cloud-assembly-schema": "1.35.0",
            "@aws-cdk/cx-api": "1.35.0",
            "constructs": "^3.0.2"
          }
        }
      }
    },
    "@aws-cdk/aws-sns": {
      "version": "1.35.0",
      "resolved": "https://registry.npmjs.org/@aws-cdk/aws-sns/-/aws-sns-1.35.0.tgz",
      "integrity": "sha512-zgp07V6cLrfouXLjf9r3orJDZ8eq+8P733eot981Q2T0N5qoVvqOmTS6rhu+oeRczbYTcN2cLAm3ksjAGcm1Lg==",
      "requires": {
        "@aws-cdk/aws-cloudwatch": "1.35.0",
        "@aws-cdk/aws-events": "1.35.0",
        "@aws-cdk/aws-iam": "1.35.0",
        "@aws-cdk/aws-kms": "1.35.0",
        "@aws-cdk/core": "1.35.0",
        "constructs": "^3.0.2"
      },
      "dependencies": {
        "@aws-cdk/core": {
          "version": "1.35.0",
          "resolved": "https://registry.npmjs.org/@aws-cdk/core/-/core-1.35.0.tgz",
          "integrity": "sha512-Ht9S/DjCMLhdV9T/U/+h644NLtmtkKNJVKqg2GpqpydgSJtSAWn066pPq5LpDn2qEsGTcyXm7OD80hP29frOhA==",
          "requires": {
            "@aws-cdk/cloud-assembly-schema": "1.35.0",
            "@aws-cdk/cx-api": "1.35.0",
            "constructs": "^3.0.2"
          }
        }
      }
    },
    "@aws-cdk/aws-sqs": {
      "version": "1.35.0",
      "resolved": "https://registry.npmjs.org/@aws-cdk/aws-sqs/-/aws-sqs-1.35.0.tgz",
      "integrity": "sha512-9mV5nF+wbHX5d6DiCYt+Rs82AWZzrQLN/ZAKn+SYV9dfpqc3IYRNijGz+pJ0lUC4PhWmfW2hC56om3LTHtgvuQ==",
      "requires": {
        "@aws-cdk/aws-cloudwatch": "1.35.0",
        "@aws-cdk/aws-iam": "1.35.0",
        "@aws-cdk/aws-kms": "1.35.0",
        "@aws-cdk/core": "1.35.0",
        "constructs": "^3.0.2"
      },
      "dependencies": {
        "@aws-cdk/core": {
          "version": "1.35.0",
          "resolved": "https://registry.npmjs.org/@aws-cdk/core/-/core-1.35.0.tgz",
          "integrity": "sha512-Ht9S/DjCMLhdV9T/U/+h644NLtmtkKNJVKqg2GpqpydgSJtSAWn066pPq5LpDn2qEsGTcyXm7OD80hP29frOhA==",
          "requires": {
            "@aws-cdk/cloud-assembly-schema": "1.35.0",
            "@aws-cdk/cx-api": "1.35.0",
            "constructs": "^3.0.2"
          }
        }
      }
    },
    "@aws-cdk/aws-ssm": {
      "version": "1.35.0",
      "resolved": "https://registry.npmjs.org/@aws-cdk/aws-ssm/-/aws-ssm-1.35.0.tgz",
      "integrity": "sha512-ZnfTfep6UDK+72655KvuAEu97BD7GyGRXGsWphbAokcflTXWFIk295igNjMzYWCFJslIGEI3LQw6DOh6RDCqrg==",
      "requires": {
        "@aws-cdk/aws-iam": "1.35.0",
        "@aws-cdk/aws-kms": "1.35.0",
        "@aws-cdk/core": "1.35.0",
        "@aws-cdk/cx-api": "1.35.0",
        "constructs": "^3.0.2"
      },
      "dependencies": {
        "@aws-cdk/core": {
          "version": "1.35.0",
          "resolved": "https://registry.npmjs.org/@aws-cdk/core/-/core-1.35.0.tgz",
          "integrity": "sha512-Ht9S/DjCMLhdV9T/U/+h644NLtmtkKNJVKqg2GpqpydgSJtSAWn066pPq5LpDn2qEsGTcyXm7OD80hP29frOhA==",
          "requires": {
            "@aws-cdk/cloud-assembly-schema": "1.35.0",
            "@aws-cdk/cx-api": "1.35.0",
            "constructs": "^3.0.2"
          }
        }
      }
    },
    "@aws-cdk/cloud-assembly-schema": {
      "version": "1.35.0",
      "resolved": "https://registry.npmjs.org/@aws-cdk/cloud-assembly-schema/-/cloud-assembly-schema-1.35.0.tgz",
      "integrity": "sha512-znbo92G4j7gAEQnlhktmUoiaEdSL0QQnUeBbvby56cwdFa8drszaHsoeNp/tEAVi50jLw3ZsJhMUKgdce4oPrg==",
      "requires": {
        "jsonschema": "^1.2.5",
        "semver": "^7.2.2"
      },
      "dependencies": {
        "jsonschema": {
          "version": "1.2.6",
          "bundled": true
        },
        "semver": {
          "version": "7.3.2",
          "bundled": true
        }
      }
    },
    "@aws-cdk/core": {
      "version": "1.33.1",
      "resolved": "https://registry.npmjs.org/@aws-cdk/core/-/core-1.33.1.tgz",
      "integrity": "sha512-iR4duy20QUD+LtjhibuyScxOUbWG4ibua+Dn3RBuAx9XOca/6rBT3jtJxvLcWISWk0yy/aSc60KzkrONcW/MVQ==",
      "requires": {
        "@aws-cdk/cloud-assembly-schema": "1.33.1",
        "@aws-cdk/cx-api": "1.33.1",
        "constructs": "^3.0.0"
      },
      "dependencies": {
        "@aws-cdk/cloud-assembly-schema": {
          "version": "1.33.1",
          "resolved": "https://registry.npmjs.org/@aws-cdk/cloud-assembly-schema/-/cloud-assembly-schema-1.33.1.tgz",
          "integrity": "sha512-trPFqoZIlf252RiTotfPpHSeGjylF4q23TByuu7qTQucLNhdlmWT3xdL+wwCg8bdF+sRr15dItkqUIY9J5QEuw==",
          "requires": {
            "jsonschema": "^1.2.5",
            "semver": "^7.3.2"
          },
          "dependencies": {
            "jsonschema": {
              "version": "1.2.6",
              "bundled": true
            },
            "semver": {
              "version": "7.3.2",
              "bundled": true
            }
          }
        },
        "@aws-cdk/cx-api": {
          "version": "1.33.1",
          "resolved": "https://registry.npmjs.org/@aws-cdk/cx-api/-/cx-api-1.33.1.tgz",
          "integrity": "sha512-bXw/49toSlcleZ4mmTrRI0TSHJgB1BveCjczmL0G0oCmRf8pFITYcJh1VbC4eY+nF0q4ixle3xHCEtENjvIokQ==",
          "requires": {
            "@aws-cdk/cloud-assembly-schema": "1.33.1",
            "semver": "^7.3.2"
          },
          "dependencies": {
            "semver": {
              "version": "7.3.2",
              "bundled": true
            }
          }
        }
      }
    },
    "@aws-cdk/custom-resources": {
      "version": "1.35.0",
      "resolved": "https://registry.npmjs.org/@aws-cdk/custom-resources/-/custom-resources-1.35.0.tgz",
      "integrity": "sha512-yuFnrHvxFgEb2lIVRXz7O/RxfGElpK97IFszei0HDpoqD/3cv57S/bBCHOAGBgx2lDGGPu0MQ7ptL121X1e9vQ==",
      "requires": {
        "@aws-cdk/aws-cloudformation": "1.35.0",
        "@aws-cdk/aws-iam": "1.35.0",
        "@aws-cdk/aws-lambda": "1.35.0",
        "@aws-cdk/aws-logs": "1.35.0",
        "@aws-cdk/aws-sns": "1.35.0",
        "@aws-cdk/core": "1.35.0",
        "constructs": "^3.0.2"
      },
      "dependencies": {
        "@aws-cdk/core": {
          "version": "1.35.0",
          "resolved": "https://registry.npmjs.org/@aws-cdk/core/-/core-1.35.0.tgz",
          "integrity": "sha512-Ht9S/DjCMLhdV9T/U/+h644NLtmtkKNJVKqg2GpqpydgSJtSAWn066pPq5LpDn2qEsGTcyXm7OD80hP29frOhA==",
          "requires": {
            "@aws-cdk/cloud-assembly-schema": "1.35.0",
            "@aws-cdk/cx-api": "1.35.0",
            "constructs": "^3.0.2"
          }
        }
      }
    },
    "@aws-cdk/cx-api": {
      "version": "1.35.0",
      "resolved": "https://registry.npmjs.org/@aws-cdk/cx-api/-/cx-api-1.35.0.tgz",
      "integrity": "sha512-+qe0MshVrQvvo+Nbt3+N/3llDjv2dxIoNfR1wWduJcv65PCdnvs6cMhHASX4wL8eTQkW7s4cFhk9VGRTdal26g==",
      "requires": {
        "@aws-cdk/cloud-assembly-schema": "1.35.0",
        "semver": "^7.2.2"
      },
      "dependencies": {
        "semver": {
          "version": "7.3.2",
          "bundled": true
        }
      }
    },
    "@aws-cdk/region-info": {
      "version": "1.35.0",
      "resolved": "https://registry.npmjs.org/@aws-cdk/region-info/-/region-info-1.35.0.tgz",
      "integrity": "sha512-RVzKL/hfhMItSCi9L/JSKBKWbICpuP1QzfE5411vcxWJbaE2gTfaXowkFlZKBtEQxkIvCGR+hVEaU7Ay3pNLZw=="
    },
    "@grpc/grpc-js": {
      "version": "0.6.18",
      "resolved": "https://registry.npmjs.org/@grpc/grpc-js/-/grpc-js-0.6.18.tgz",
      "integrity": "sha512-uAzv/tM8qpbf1vpx1xPMfcUMzbfdqJtdCYAqY/LsLeQQlnTb4vApylojr+wlCyr7bZeg3AFfHvtihnNOQQt/nA==",
      "requires": {
        "semver": "^6.2.0"
      },
      "dependencies": {
        "semver": {
          "version": "6.3.0",
          "resolved": "https://registry.npmjs.org/semver/-/semver-6.3.0.tgz",
          "integrity": "sha512-b39TBaTSfV6yBrapU89p5fKekE2m/NwnDocOVruQFS1/veMgdzuPcnOM34M6CwxW8jH/lxEa5rBoDeUwu5HHTw=="
        }
      }
    },
    "@grpc/proto-loader": {
      "version": "0.5.4",
      "resolved": "https://registry.npmjs.org/@grpc/proto-loader/-/proto-loader-0.5.4.tgz",
      "integrity": "sha512-HTM4QpI9B2XFkPz7pjwMyMgZchJ93TVkL3kWPW8GDMDKYxsMnmf4w2TNMJK7+KNiYHS5cJrCEAFlF+AwtXWVPA==",
      "requires": {
        "lodash.camelcase": "^4.3.0",
        "protobufjs": "^6.8.6"
      }
    },
    "@newrelic/aws-sdk": {
      "version": "1.1.2",
      "resolved": "https://registry.npmjs.org/@newrelic/aws-sdk/-/aws-sdk-1.1.2.tgz",
      "integrity": "sha512-1YX9Q8xGR/j6Ia7bEAlxiWP0IKS39EaXAuOvW4KimruirQPAFp2EECCQqtkg5psnhGrLELyMCDKNQSJaCUQk8Q=="
    },
    "@newrelic/koa": {
      "version": "3.0.0",
      "resolved": "https://registry.npmjs.org/@newrelic/koa/-/koa-3.0.0.tgz",
      "integrity": "sha512-SxfcMqSxiKa3pi7dRmVoCXnh/VLc196GmwyGU2Fr5+vMxS5jPVj2a15v1mn2DGu04XngfXDvyt9Xa6u1JVRDpQ==",
      "requires": {
        "methods": "^1.1.2"
      }
    },
    "@newrelic/native-metrics": {
      "version": "5.0.0",
      "resolved": "https://registry.npmjs.org/@newrelic/native-metrics/-/native-metrics-5.0.0.tgz",
      "integrity": "sha512-6Smx/9MlsZTcbLe+Co39O9kJ3sYo/3xunNTOhTP+nPlLxQmQBPDT0/ULmEogTkhaEX5MuCx6L4cN+1QU4uZdDw==",
      "optional": true,
      "requires": {
        "nan": "^2.14.0",
        "semver": "^5.5.1"
      }
    },
    "@newrelic/superagent": {
      "version": "2.0.1",
      "resolved": "https://registry.npmjs.org/@newrelic/superagent/-/superagent-2.0.1.tgz",
      "integrity": "sha512-1kOtaYh00DcK0IZ0LD3M6ja3urvm4a/waplr7TzrT/fDN/zgazpGSuRbYVg+O6zZacE4/Iw7OoKYGZW3bgBjJw==",
      "requires": {
        "methods": "^1.1.2"
      }
    },
    "@protobufjs/aspromise": {
      "version": "1.1.2",
      "resolved": "https://registry.npmjs.org/@protobufjs/aspromise/-/aspromise-1.1.2.tgz",
      "integrity": "sha1-m4sMxmPWaafY9vXQiToU00jzD78="
    },
    "@protobufjs/base64": {
      "version": "1.1.2",
      "resolved": "https://registry.npmjs.org/@protobufjs/base64/-/base64-1.1.2.tgz",
      "integrity": "sha512-AZkcAA5vnN/v4PDqKyMR5lx7hZttPDgClv83E//FMNhR2TMcLUhfRUBHCmSl0oi9zMgDDqRUJkSxO3wm85+XLg=="
    },
    "@protobufjs/codegen": {
      "version": "2.0.4",
      "resolved": "https://registry.npmjs.org/@protobufjs/codegen/-/codegen-2.0.4.tgz",
      "integrity": "sha512-YyFaikqM5sH0ziFZCN3xDC7zeGaB/d0IUb9CATugHWbd1FRFwWwt4ld4OYMPWu5a3Xe01mGAULCdqhMlPl29Jg=="
    },
    "@protobufjs/eventemitter": {
      "version": "1.1.0",
      "resolved": "https://registry.npmjs.org/@protobufjs/eventemitter/-/eventemitter-1.1.0.tgz",
      "integrity": "sha1-NVy8mLr61ZePntCV85diHx0Ga3A="
    },
    "@protobufjs/fetch": {
      "version": "1.1.0",
      "resolved": "https://registry.npmjs.org/@protobufjs/fetch/-/fetch-1.1.0.tgz",
      "integrity": "sha1-upn7WYYUr2VwDBYZ/wbUVLDYTEU=",
      "requires": {
        "@protobufjs/aspromise": "^1.1.1",
        "@protobufjs/inquire": "^1.1.0"
      }
    },
    "@protobufjs/float": {
      "version": "1.0.2",
      "resolved": "https://registry.npmjs.org/@protobufjs/float/-/float-1.0.2.tgz",
      "integrity": "sha1-Xp4avctz/Ap8uLKR33jIy9l7h9E="
    },
    "@protobufjs/inquire": {
      "version": "1.1.0",
      "resolved": "https://registry.npmjs.org/@protobufjs/inquire/-/inquire-1.1.0.tgz",
      "integrity": "sha1-/yAOPnzyQp4tyvwRQIKOjMY48Ik="
    },
    "@protobufjs/path": {
      "version": "1.1.2",
      "resolved": "https://registry.npmjs.org/@protobufjs/path/-/path-1.1.2.tgz",
      "integrity": "sha1-bMKyDFya1q0NzP0hynZz2Nf79o0="
    },
    "@protobufjs/pool": {
      "version": "1.1.0",
      "resolved": "https://registry.npmjs.org/@protobufjs/pool/-/pool-1.1.0.tgz",
      "integrity": "sha1-Cf0V8tbTq/qbZbw2ZQbWrXhG/1Q="
    },
    "@protobufjs/utf8": {
      "version": "1.1.0",
      "resolved": "https://registry.npmjs.org/@protobufjs/utf8/-/utf8-1.1.0.tgz",
      "integrity": "sha1-p3c2C1s5oaLlEG+OhY8v0tBgxXA="
    },
    "@types/aws-lambda": {
      "version": "8.10.51",
      "resolved": "https://registry.npmjs.org/@types/aws-lambda/-/aws-lambda-8.10.51.tgz",
      "integrity": "sha512-XK7RerpXj4r+IO0r7qIeNqUSU6L4qhPMwNhISxozJJiUX/jdXj9WYzTShRVisEcUQHXgJ4TTBqTArM8f9Mjb8g=="
    },
    "@types/long": {
      "version": "4.0.1",
      "resolved": "https://registry.npmjs.org/@types/long/-/long-4.0.1.tgz",
      "integrity": "sha512-5tXH6Bx/kNGd3MgffdmP4dy2Z+G4eaXw0SE81Tq3BNadtnMR5/ySMzX4SLEzHJzSmPNn4HIdpQsBvXMUykr58w=="
    },
    "@types/newrelic": {
      "version": "6.4.0",
      "resolved": "https://registry.npmjs.org/@types/newrelic/-/newrelic-6.4.0.tgz",
      "integrity": "sha512-uuYFNEmBtq9Humj1sQ26oOqMAPx2clrWMZMtP8ugilg6trtWdS1rWW1+sX3WC7+dUBAZMDh83v3t9V9mbbQwVA=="
    },
    "@types/node": {
      "version": "13.13.2",
      "resolved": "https://registry.npmjs.org/@types/node/-/node-13.13.2.tgz",
      "integrity": "sha512-LB2R1Oyhpg8gu4SON/mfforE525+Hi/M1ineICEDftqNVTyFg1aRIeGuTvXAoWHc4nbrFncWtJgMmoyRvuGh7A=="
    },
    "@types/uuid": {
      "version": "7.0.3",
      "resolved": "https://registry.npmjs.org/@types/uuid/-/uuid-7.0.3.tgz",
      "integrity": "sha512-PUdqTZVrNYTNcIhLHkiaYzoOIaUi5LFg/XLerAdgvwQrUCx+oSbtoBze1AMyvYbcwzUSNC+Isl58SM4Sm/6COw=="
    },
    "@tyriar/fibonacci-heap": {
      "version": "2.0.9",
      "resolved": "https://registry.npmjs.org/@tyriar/fibonacci-heap/-/fibonacci-heap-2.0.9.tgz",
      "integrity": "sha512-bYuSNomfn4hu2tPiDN+JZtnzCpSpbJ/PNeulmocDy3xN2X5OkJL65zo6rPZp65cPPhLF9vfT/dgE+RtFRCSxOA=="
    },
    "agent-base": {
      "version": "5.1.1",
      "resolved": "https://registry.npmjs.org/agent-base/-/agent-base-5.1.1.tgz",
      "integrity": "sha512-TMeqbNl2fMW0nMjTEPOwe3J/PRFP4vqeoNuQMG0HlMrtm5QxKqdvAkZ1pRBQ/ulIyDD5Yq0nJ7YbdD8ey0TO3g=="
    },
    "async": {
      "version": "2.6.3",
      "resolved": "https://registry.npmjs.org/async/-/async-2.6.3.tgz",
      "integrity": "sha512-zflvls11DCy+dQWzTW2dzuilv8Z5X/pjfmZOWba6TNIVDm+2UDaJmXSOXlasHKfNBs8oo3M0aT50fDEWfKZjXg==",
      "requires": {
        "lodash": "^4.17.14"
      }
    },
    "aws-sdk": {
      "version": "2.663.0",
      "resolved": "https://registry.npmjs.org/aws-sdk/-/aws-sdk-2.663.0.tgz",
      "integrity": "sha512-xPOszNOaSXTRs8VGXaMbhTKXdlq2TlDRfFRVEGxkZrtow87hEIVZGAUSUme2e3GHqHUDnySwcufrUpUPUizOKQ==",
      "requires": {
        "buffer": "4.9.1",
        "events": "1.1.1",
        "ieee754": "1.1.13",
        "jmespath": "0.15.0",
        "querystring": "0.2.0",
        "sax": "1.2.1",
        "url": "0.10.3",
        "uuid": "3.3.2",
        "xml2js": "0.4.19"
      },
      "dependencies": {
        "uuid": {
          "version": "3.3.2",
          "resolved": "https://registry.npmjs.org/uuid/-/uuid-3.3.2.tgz",
          "integrity": "sha512-yXJmeNaw3DnnKAOKJE51sL/ZaYfWJRl1pK9dr19YFCu0ObS231AB1/LbqTKRAQ5kw8A90rA6fr4riOUpTZvQZA=="
        }
      }
    },
    "base64-js": {
      "version": "1.3.1",
      "resolved": "https://registry.npmjs.org/base64-js/-/base64-js-1.3.1.tgz",
      "integrity": "sha512-mLQ4i2QO1ytvGWFWmcngKO//JXAQueZvwEKtjgQFM4jIK0kU+ytMfplL8j+n5mspOfjHwoAg+9yhb7BwAHm36g=="
    },
    "buffer": {
      "version": "4.9.1",
      "resolved": "https://registry.npmjs.org/buffer/-/buffer-4.9.1.tgz",
      "integrity": "sha1-bRu2AbB6TvztlwlBMgkwJ8lbwpg=",
      "requires": {
        "base64-js": "^1.0.2",
        "ieee754": "^1.1.4",
        "isarray": "^1.0.0"
      }
    },
    "buffer-from": {
      "version": "1.1.1",
      "resolved": "https://registry.npmjs.org/buffer-from/-/buffer-from-1.1.1.tgz",
      "integrity": "sha512-MQcXEUbCKtEo7bhqEs6560Hyd4XaovZlO/k9V3hjVUF/zwW7KBVdSK4gIt/bzwS9MbR5qob+F5jusZsb0YQK2A=="
    },
    "concat-stream": {
      "version": "2.0.0",
      "resolved": "https://registry.npmjs.org/concat-stream/-/concat-stream-2.0.0.tgz",
      "integrity": "sha512-MWufYdFw53ccGjCA+Ol7XJYpAlW6/prSMzuPOTRnJGcGzuhLn4Scrz7qf6o8bROZ514ltazcIFJZevcfbo0x7A==",
      "requires": {
        "buffer-from": "^1.0.0",
        "inherits": "^2.0.3",
        "readable-stream": "^3.0.2",
        "typedarray": "^0.0.6"
      }
    },
    "constructs": {
      "version": "3.0.2",
      "resolved": "https://registry.npmjs.org/constructs/-/constructs-3.0.2.tgz",
      "integrity": "sha512-Q4SkOFaRH2D65kvcGrDZ/FgJwk59HwUohbdCbeIueas+8RJhd9N4j6QgvHnMfTOmQWDPXCn1IGwteTLC0OK1NA=="
    },
    "debug": {
      "version": "4.1.1",
      "resolved": "https://registry.npmjs.org/debug/-/debug-4.1.1.tgz",
      "integrity": "sha512-pYAIzeRo8J6KPEaJ0VWOh5Pzkbw/RetuzehGM7QRRX5he4fPHx2rdKMB256ehJCkX+XRQm16eZLqLNS8RSZXZw==",
      "requires": {
        "ms": "^2.1.1"
      }
    },
    "deep-is": {
      "version": "0.1.3",
      "resolved": "https://registry.npmjs.org/deep-is/-/deep-is-0.1.3.tgz",
      "integrity": "sha1-s2nW+128E+7PUk+RsHD+7cNXzzQ="
    },
    "escodegen": {
      "version": "1.14.1",
      "resolved": "https://registry.npmjs.org/escodegen/-/escodegen-1.14.1.tgz",
      "integrity": "sha512-Bmt7NcRySdIfNPfU2ZoXDrrXsG9ZjvDxcAlMfDUgRBjLOWTuIACXPBFJH7Z+cLb40JeQco5toikyc9t9P8E9SQ==",
      "requires": {
        "esprima": "^4.0.1",
        "estraverse": "^4.2.0",
        "esutils": "^2.0.2",
        "optionator": "^0.8.1",
        "source-map": "~0.6.1"
      }
    },
    "esprima": {
      "version": "4.0.1",
      "resolved": "https://registry.npmjs.org/esprima/-/esprima-4.0.1.tgz",
      "integrity": "sha512-eGuFFw7Upda+g4p+QHvnW0RyTX/SVeJBDM/gCtMARO0cLuT2HcEKnTPvhjV6aGeqrCB/sbNop0Kszm0jsaWU4A=="
    },
    "estraverse": {
      "version": "4.3.0",
      "resolved": "https://registry.npmjs.org/estraverse/-/estraverse-4.3.0.tgz",
      "integrity": "sha512-39nnKffWz8xN1BU/2c79n9nB9HDzo0niYUqx6xyqUnyoAnQyyWpOTdZEeiCch8BBu515t4wp9ZmgVfVhn9EBpw=="
    },
    "esutils": {
      "version": "2.0.3",
      "resolved": "https://registry.npmjs.org/esutils/-/esutils-2.0.3.tgz",
      "integrity": "sha512-kVscqXk4OCp68SZ0dkgEKVi6/8ij300KBWTJq32P/dYeWTSwK41WyTxalN1eRmA5Z9UU/LX9D7FWSmV9SAYx6g=="
    },
    "events": {
      "version": "1.1.1",
      "resolved": "https://registry.npmjs.org/events/-/events-1.1.1.tgz",
      "integrity": "sha1-nr23Y1rQmccNzEwqH1AEKI6L2SQ="
    },
    "fast-levenshtein": {
      "version": "2.0.6",
      "resolved": "https://registry.npmjs.org/fast-levenshtein/-/fast-levenshtein-2.0.6.tgz",
      "integrity": "sha1-PYpcZog6FqMMqGQ+hR8Zuqd5eRc="
    },
    "https-proxy-agent": {
      "version": "4.0.0",
      "resolved": "https://registry.npmjs.org/https-proxy-agent/-/https-proxy-agent-4.0.0.tgz",
      "integrity": "sha512-zoDhWrkR3of1l9QAL8/scJZyLu8j/gBkcwcaQOZh7Gyh/+uJQzGVETdgT30akuwkpL8HTRfssqI3BZuV18teDg==",
      "requires": {
        "agent-base": "5",
        "debug": "4"
      }
    },
    "ieee754": {
      "version": "1.1.13",
      "resolved": "https://registry.npmjs.org/ieee754/-/ieee754-1.1.13.tgz",
      "integrity": "sha512-4vf7I2LYV/HaWerSo3XmlMkp5eZ83i+/CDluXi/IGTs/O1sejBNhTtnxzmRZfvOUqj7lZjqHkeTvpgSFDlWZTg=="
    },
    "inherits": {
      "version": "2.0.4",
      "resolved": "https://registry.npmjs.org/inherits/-/inherits-2.0.4.tgz",
      "integrity": "sha512-k/vGaX4/Yla3WzyMCvTQOXYeIHvqOKtnqBduzTHpzpQZzAskKMhZ2K+EnBiSM9zGSoIFeMpXKxa4dYeZIQqewQ=="
    },
    "isarray": {
      "version": "1.0.0",
      "resolved": "https://registry.npmjs.org/isarray/-/isarray-1.0.0.tgz",
      "integrity": "sha1-u5NdSFgsuhaMBoNJV6VKPgcSTxE="
    },
    "jmespath": {
      "version": "0.15.0",
      "resolved": "https://registry.npmjs.org/jmespath/-/jmespath-0.15.0.tgz",
      "integrity": "sha1-o/Iiqarp+Wb10nx5ZRDigJF2Qhc="
    },
    "json-stringify-safe": {
      "version": "5.0.1",
      "resolved": "https://registry.npmjs.org/json-stringify-safe/-/json-stringify-safe-5.0.1.tgz",
      "integrity": "sha1-Epai1Y/UXxmg9s4B1lcB4sc1tus="
    },
    "levn": {
      "version": "0.3.0",
      "resolved": "https://registry.npmjs.org/levn/-/levn-0.3.0.tgz",
      "integrity": "sha1-OwmSTt+fCDwEkP3UwLxEIeBHZO4=",
      "requires": {
        "prelude-ls": "~1.1.2",
        "type-check": "~0.3.2"
      }
    },
    "lodash": {
      "version": "4.17.15",
      "resolved": "https://registry.npmjs.org/lodash/-/lodash-4.17.15.tgz",
      "integrity": "sha512-8xOcRHvCjnocdS5cpwXQXVzmmh5e5+saE2QGoeQmbKmRS6J3VQppPOIt0MnmE+4xlZoumy0GPG0D0MVIQbNA1A=="
    },
    "lodash.camelcase": {
      "version": "4.3.0",
      "resolved": "https://registry.npmjs.org/lodash.camelcase/-/lodash.camelcase-4.3.0.tgz",
      "integrity": "sha1-soqmKIorn8ZRA1x3EfZathkDMaY="
    },
    "long": {
      "version": "4.0.0",
      "resolved": "https://registry.npmjs.org/long/-/long-4.0.0.tgz",
      "integrity": "sha512-XsP+KhQif4bjX1kbuSiySJFNAehNxgLb6hPRGJ9QsUr8ajHkuXGdrHmFUTUUXhDwVX2R5bY4JNZEwbUiMhV+MA=="
    },
    "methods": {
      "version": "1.1.2",
      "resolved": "https://registry.npmjs.org/methods/-/methods-1.1.2.tgz",
      "integrity": "sha1-VSmk1nZUE07cxSZmVoNbD4Ua/O4="
    },
    "ms": {
      "version": "2.1.2",
      "resolved": "https://registry.npmjs.org/ms/-/ms-2.1.2.tgz",
      "integrity": "sha512-sGkPx+VjMtmA6MX27oA4FBFELFCZZ4S4XqeGOXCv68tT+jb3vk/RyaKWP0PTKyWtmLSM0b+adUTEvbs1PEaH2w=="
    },
    "nan": {
      "version": "2.14.1",
      "resolved": "https://registry.npmjs.org/nan/-/nan-2.14.1.tgz",
      "integrity": "sha512-isWHgVjnFjh2x2yuJ/tj3JbwoHu3UC2dX5G/88Cm24yB6YopVgxvBObDY7n5xW6ExmFhJpSEQqFPvq9zaXc8Jw==",
      "optional": true
    },
    "newrelic": {
      "version": "6.6.0",
      "resolved": "https://registry.npmjs.org/newrelic/-/newrelic-6.6.0.tgz",
      "integrity": "sha512-0pC8VheOQfnWMKs5WwF4SFa9BMwm34hobwwsEE3PePcRcGNSIo6MXZZDvptaBH+9ZOMuaWkK2q5y0h8UKPxq9w==",
      "requires": {
        "@grpc/grpc-js": "^0.6.15",
        "@grpc/proto-loader": "^0.5.3",
        "@newrelic/aws-sdk": "^1.1.1",
        "@newrelic/koa": "^3.0.0",
        "@newrelic/native-metrics": "^5.0.0",
        "@newrelic/superagent": "^2.0.1",
        "@tyriar/fibonacci-heap": "^2.0.7",
        "async": "^2.1.4",
        "concat-stream": "^2.0.0",
        "escodegen": "^1.11.1",
        "esprima": "^4.0.1",
        "https-proxy-agent": "^4.0.0",
        "json-stringify-safe": "^5.0.0",
        "readable-stream": "^3.1.1",
        "semver": "^5.3.0"
      }
    },
    "optionator": {
      "version": "0.8.3",
      "resolved": "https://registry.npmjs.org/optionator/-/optionator-0.8.3.tgz",
      "integrity": "sha512-+IW9pACdk3XWmmTXG8m3upGUJst5XRGzxMRjXzAuJ1XnIFNvfhjjIuYkDvysnPQ7qzqVzLt78BCruntqRhWQbA==",
      "requires": {
        "deep-is": "~0.1.3",
        "fast-levenshtein": "~2.0.6",
        "levn": "~0.3.0",
        "prelude-ls": "~1.1.2",
        "type-check": "~0.3.2",
        "word-wrap": "~1.2.3"
      }
    },
    "prelude-ls": {
      "version": "1.1.2",
      "resolved": "https://registry.npmjs.org/prelude-ls/-/prelude-ls-1.1.2.tgz",
      "integrity": "sha1-IZMqVJ9eUv/ZqCf1cOBL5iqX2lQ="
    },
    "protobufjs": {
      "version": "6.9.0",
      "resolved": "https://registry.npmjs.org/protobufjs/-/protobufjs-6.9.0.tgz",
      "integrity": "sha512-LlGVfEWDXoI/STstRDdZZKb/qusoAWUnmLg9R8OLSO473mBLWHowx8clbX5/+mKDEI+v7GzjoK9tRPZMMcoTrg==",
      "requires": {
        "@protobufjs/aspromise": "^1.1.2",
        "@protobufjs/base64": "^1.1.2",
        "@protobufjs/codegen": "^2.0.4",
        "@protobufjs/eventemitter": "^1.1.0",
        "@protobufjs/fetch": "^1.1.0",
        "@protobufjs/float": "^1.0.2",
        "@protobufjs/inquire": "^1.1.0",
        "@protobufjs/path": "^1.1.2",
        "@protobufjs/pool": "^1.1.0",
        "@protobufjs/utf8": "^1.1.0",
        "@types/long": "^4.0.1",
        "@types/node": "^13.7.0",
        "long": "^4.0.0"
      }
    },
    "punycode": {
      "version": "1.3.2",
      "resolved": "https://registry.npmjs.org/punycode/-/punycode-1.3.2.tgz",
      "integrity": "sha1-llOgNvt8HuQjQvIyXM7v6jkmxI0="
    },
    "querystring": {
      "version": "0.2.0",
      "resolved": "https://registry.npmjs.org/querystring/-/querystring-0.2.0.tgz",
      "integrity": "sha1-sgmEkgO7Jd+CDadW50cAWHhSFiA="
    },
    "readable-stream": {
      "version": "3.6.0",
      "resolved": "https://registry.npmjs.org/readable-stream/-/readable-stream-3.6.0.tgz",
      "integrity": "sha512-BViHy7LKeTz4oNnkcLJ+lVSL6vpiFeX6/d3oSH8zCW7UxP2onchk+vTGB143xuFjHS3deTgkKoXXymXqymiIdA==",
      "requires": {
        "inherits": "^2.0.3",
        "string_decoder": "^1.1.1",
        "util-deprecate": "^1.0.1"
      }
    },
    "safe-buffer": {
      "version": "5.2.0",
      "resolved": "https://registry.npmjs.org/safe-buffer/-/safe-buffer-5.2.0.tgz",
      "integrity": "sha512-fZEwUGbVl7kouZs1jCdMLdt95hdIv0ZeHg6L7qPeciMZhZ+/gdesW4wgTARkrFWEpspjEATAzUGPG8N2jJiwbg=="
    },
    "sax": {
      "version": "1.2.1",
      "resolved": "https://registry.npmjs.org/sax/-/sax-1.2.1.tgz",
      "integrity": "sha1-e45lYZCyKOgaZq6nSEgNgozS03o="
    },
    "semver": {
      "version": "5.7.1",
      "resolved": "https://registry.npmjs.org/semver/-/semver-5.7.1.tgz",
      "integrity": "sha512-sauaDf/PZdVgrLTNYHRtpXa1iRiKcaebiKQ1BJdpQlWH2lCvexQdX55snPFyK7QzpudqbCI0qXFfOasHdyNDGQ=="
    },
    "source-map": {
      "version": "0.6.1",
      "resolved": "https://registry.npmjs.org/source-map/-/source-map-0.6.1.tgz",
      "integrity": "sha512-UjgapumWlbMhkBgzT7Ykc5YXUT46F0iKu8SGXq0bcwP5dz/h0Plj6enJqjz1Zbq2l5WaqYnrVbwWOWMyF3F47g=="
    },
    "source-map-support": {
      "version": "0.5.19",
      "resolved": "https://registry.npmjs.org/source-map-support/-/source-map-support-0.5.19.tgz",
      "integrity": "sha512-Wonm7zOCIJzBGQdB+thsPar0kYuCIzYvxZwlBa87yi/Mdjv7Tip2cyVbLj5o0cFPN4EVkuTwb3GDDyUx2DGnGw==",
      "requires": {
        "buffer-from": "^1.0.0",
        "source-map": "^0.6.0"
      }
    },
    "string_decoder": {
      "version": "1.3.0",
      "resolved": "https://registry.npmjs.org/string_decoder/-/string_decoder-1.3.0.tgz",
      "integrity": "sha512-hkRX8U1WjJFd8LsDJ2yQ/wWWxaopEsABU1XfkM8A+j0+85JAGppt16cr1Whg6KIbb4okU6Mql6BOj+uup/wKeA==",
      "requires": {
        "safe-buffer": "~5.2.0"
      }
    },
    "type-check": {
      "version": "0.3.2",
      "resolved": "https://registry.npmjs.org/type-check/-/type-check-0.3.2.tgz",
      "integrity": "sha1-WITKtRLPHTVeP7eE8wgEsrUg23I=",
      "requires": {
        "prelude-ls": "~1.1.2"
      }
    },
    "typedarray": {
      "version": "0.0.6",
      "resolved": "https://registry.npmjs.org/typedarray/-/typedarray-0.0.6.tgz",
      "integrity": "sha1-hnrHTjhkGHsdPUfZlqeOxciDB3c="
    },
    "url": {
      "version": "0.10.3",
      "resolved": "https://registry.npmjs.org/url/-/url-0.10.3.tgz",
      "integrity": "sha1-Ah5NnHcF8hu/N9A861h2dAJ3TGQ=",
      "requires": {
        "punycode": "1.3.2",
        "querystring": "0.2.0"
      }
    },
    "util-deprecate": {
      "version": "1.0.2",
      "resolved": "https://registry.npmjs.org/util-deprecate/-/util-deprecate-1.0.2.tgz",
      "integrity": "sha1-RQ1Nyfpw3nMnYvvS1KKJgUGaDM8="
    },
    "uuid": {
      "version": "7.0.3",
      "resolved": "https://registry.npmjs.org/uuid/-/uuid-7.0.3.tgz",
      "integrity": "sha512-DPSke0pXhTZgoF/d+WSt2QaKMCFSfx7QegxEWT+JOuHF5aWrKEn0G+ztjuJg/gG8/ItK+rbPCD/yNv8yyih6Cg=="
    },
    "word-wrap": {
      "version": "1.2.3",
      "resolved": "https://registry.npmjs.org/word-wrap/-/word-wrap-1.2.3.tgz",
      "integrity": "sha512-Hz/mrNwitNRh/HUAtM/VT/5VH+ygD6DV7mYKZAtHOrbs8U7lvPS6xf7EJKMF0uW1KJCl0H701g3ZGus+muE5vQ=="
    },
    "xml2js": {
      "version": "0.4.19",
      "resolved": "https://registry.npmjs.org/xml2js/-/xml2js-0.4.19.tgz",
      "integrity": "sha512-esZnJZJOiJR9wWKMyuvSE1y6Dq5LCuJanqhxslH2bxM6duahNZ+HMpCLhBQGZkbX6xRf8x1Y2eJlgt2q3qo49Q==",
      "requires": {
        "sax": ">=0.6.0",
        "xmlbuilder": "~9.0.1"
      }
    },
    "xmlbuilder": {
      "version": "9.0.7",
      "resolved": "https://registry.npmjs.org/xmlbuilder/-/xmlbuilder-9.0.7.tgz",
      "integrity": "sha1-Ey7mPS7FVlxVfiD0wi35rKaGsQ0="
    }
  }
}
